
Microsoft Visual Studio Solution File, Format Version 12.00
# Visual Studio Version 17
VisualStudioVersion = 17.6.33815.320
MinimumVisualStudioVersion = 10.0.40219.1
Project("{FAE04EC0-301F-11D3-BF4B-00C04F79EFBC}") = "CollegeTournamentData", "CollegeTournamentData\CollegeTournamentData.csproj", "{451F4E0A-B747-4361-B918-740A0965B293}"
EndProject
Global
	GlobalSection(SolutionConfigurationPlatforms) = preSolution
		Debug|Any CPU = Debug|Any CPU
		Release|Any CPU = Release|Any CPU
	EndGlobalSection
	GlobalSection(ProjectConfigurationPlatforms) = postSolution
		{451F4E0A-B747-4361-B918-740A0965B293}.Debug|Any CPU.ActiveCfg = Debug|Any CPU
		{451F4E0A-B747-4361-B918-740A0965B293}.Debug|Any CPU.Build.0 = Debug|Any CPU
		{451F4E0A-B747-4361-B918-740A0965B293}.Release|Any CPU.ActiveCfg = Release|Any CPU
		{451F4E0A-B747-4361-B918-740A0965B293}.Release|Any CPU.Build.0 = Release|Any CPU
	EndGlobalSection
	GlobalSection(SolutionProperties) = preSolution
		HideSolutionNode = FALSE
	EndGlobalSection
	GlobalSection(ExtensibilityGlobals) = postSolution
		SolutionGuid = {3C318C42-A29F-41A5-A56B-5F7941FC426F}
	EndGlobalSection
EndGlobal
